
Microsoft Visual Studio Solution File, Format Version 12.00
# Visual Studio Version 17
VisualStudioVersion = 17.9.34723.18
MinimumVisualStudioVersion = 10.0.40219.1
Project("{8BC9CEB8-8B4A-11D0-8D11-00A0C91BC942}") = "Zad3_brojCvorova", "Zad3_brojCvorova.vcxproj", "{5B88BA34-9AE8-4A00-A921-93BEC748697F}"
EndProject
Global
	GlobalSection(SolutionConfigurationPlatforms) = preSolution
		Debug|x64 = Debug|x64
		Debug|x86 = Debug|x86
		Release|x64 = Release|x64
		Release|x86 = Release|x86
	EndGlobalSection
	GlobalSection(ProjectConfigurationPlatforms) = postSolution
		{5B88BA34-9AE8-4A00-A921-93BEC748697F}.Debug|x64.ActiveCfg = Debug|x64
		{5B88BA34-9AE8-4A00-A921-93BEC748697F}.Debug|x64.Build.0 = Debug|x64
		{5B88BA34-9AE8-4A00-A921-93BEC748697F}.Debug|x86.ActiveCfg = Debug|Win32
		{5B88BA34-9AE8-4A00-A921-93BEC748697F}.Debug|x86.Build.0 = Debug|Win32
		{5B88BA34-9AE8-4A00-A921-93BEC748697F}.Release|x64.ActiveCfg = Release|x64
		{5B88BA34-9AE8-4A00-A921-93BEC748697F}.Release|x64.Build.0 = Release|x64
		{5B88BA34-9AE8-4A00-A921-93BEC748697F}.Release|x86.ActiveCfg = Release|Win32
		{5B88BA34-9AE8-4A00-A921-93BEC748697F}.Release|x86.Build.0 = Release|Win32
	EndGlobalSection
	GlobalSection(SolutionProperties) = preSolution
		HideSolutionNode = FALSE
	EndGlobalSection
	GlobalSection(ExtensibilityGlobals) = postSolution
		SolutionGuid = {5DCAC763-112B-47AB-A4F3-30DB13A38C71}
	EndGlobalSection
EndGlobal
